
Microsoft Visual Studio Solution File, Format Version 12.00
# Visual Studio 15
VisualStudioVersion = 15.0.28307.1267
MinimumVisualStudioVersion = 10.0.40219.1
Project("{FAE04EC0-301F-11D3-BF4B-00C04F79EFBC}") = "Square_Pyramidal_Number", "Square_Pyramidal_Number\Square_Pyramidal_Number.csproj", "{4C20BA1E-E017-4E33-A218-22DB82C4D4FD}"
EndProject
Global
	GlobalSection(SolutionConfigurationPlatforms) = preSolution
		Debug|Any CPU = Debug|Any CPU
		Release|Any CPU = Release|Any CPU
	EndGlobalSection
	GlobalSection(ProjectConfigurationPlatforms) = postSolution
		{4C20BA1E-E017-4E33-A218-22DB82C4D4FD}.Debug|Any CPU.ActiveCfg = Debug|Any CPU
		{4C20BA1E-E017-4E33-A218-22DB82C4D4FD}.Debug|Any CPU.Build.0 = Debug|Any CPU
		{4C20BA1E-E017-4E33-A218-22DB82C4D4FD}.Release|Any CPU.ActiveCfg = Release|Any CPU
		{4C20BA1E-E017-4E33-A218-22DB82C4D4FD}.Release|Any CPU.Build.0 = Release|Any CPU
	EndGlobalSection
	GlobalSection(SolutionProperties) = preSolution
		HideSolutionNode = FALSE
	EndGlobalSection
	GlobalSection(ExtensibilityGlobals) = postSolution
		SolutionGuid = {B33DC529-1414-43B0-89C3-7A134FD7B81D}
	EndGlobalSection
EndGlobal
