
Microsoft Visual Studio Solution File, Format Version 12.00
# Visual Studio 15
VisualStudioVersion = 15.0.28307.1267
MinimumVisualStudioVersion = 10.0.40219.1
Project("{FAE04EC0-301F-11D3-BF4B-00C04F79EFBC}") = "Odd or Double", "Odd or Double\Odd or Double.csproj", "{31FBC328-7883-4680-AA56-DB58FEE0C178}"
EndProject
Global
	GlobalSection(SolutionConfigurationPlatforms) = preSolution
		Debug|Any CPU = Debug|Any CPU
		Release|Any CPU = Release|Any CPU
	EndGlobalSection
	GlobalSection(ProjectConfigurationPlatforms) = postSolution
		{31FBC328-7883-4680-AA56-DB58FEE0C178}.Debug|Any CPU.ActiveCfg = Debug|Any CPU
		{31FBC328-7883-4680-AA56-DB58FEE0C178}.Debug|Any CPU.Build.0 = Debug|Any CPU
		{31FBC328-7883-4680-AA56-DB58FEE0C178}.Release|Any CPU.ActiveCfg = Release|Any CPU
		{31FBC328-7883-4680-AA56-DB58FEE0C178}.Release|Any CPU.Build.0 = Release|Any CPU
	EndGlobalSection
	GlobalSection(SolutionProperties) = preSolution
		HideSolutionNode = FALSE
	EndGlobalSection
	GlobalSection(ExtensibilityGlobals) = postSolution
		SolutionGuid = {3ECE4DA3-70C4-4298-9793-DEBB9813C1C7}
	EndGlobalSection
EndGlobal
