
Microsoft Visual Studio Solution File, Format Version 12.00
# Visual Studio 15
VisualStudioVersion = 15.0.28307.1267
MinimumVisualStudioVersion = 10.0.40219.1
Project("{FAE04EC0-301F-11D3-BF4B-00C04F79EFBC}") = "Is_is_prime", "Is_is_prime\Is_is_prime.csproj", "{88074430-ACBC-4080-BB3B-5678BBFFF832}"
EndProject
Global
	GlobalSection(SolutionConfigurationPlatforms) = preSolution
		Debug|Any CPU = Debug|Any CPU
		Release|Any CPU = Release|Any CPU
	EndGlobalSection
	GlobalSection(ProjectConfigurationPlatforms) = postSolution
		{88074430-ACBC-4080-BB3B-5678BBFFF832}.Debug|Any CPU.ActiveCfg = Debug|Any CPU
		{88074430-ACBC-4080-BB3B-5678BBFFF832}.Debug|Any CPU.Build.0 = Debug|Any CPU
		{88074430-ACBC-4080-BB3B-5678BBFFF832}.Release|Any CPU.ActiveCfg = Release|Any CPU
		{88074430-ACBC-4080-BB3B-5678BBFFF832}.Release|Any CPU.Build.0 = Release|Any CPU
	EndGlobalSection
	GlobalSection(SolutionProperties) = preSolution
		HideSolutionNode = FALSE
	EndGlobalSection
	GlobalSection(ExtensibilityGlobals) = postSolution
		SolutionGuid = {B3C4AFAC-42AB-4091-8ED4-CCF054B7D89A}
	EndGlobalSection
EndGlobal
